
Microsoft Visual Studio Solution File, Format Version 12.00
# Visual Studio Express 2012 for Windows Phone
Project("{FAE04EC0-301F-11D3-BF4B-00C04F79EFBC}") = "Pocketailor", "Pocketailor\Pocketailor.csproj", "{D32D65B9-9B76-4C72-93DE-35E409A7F54B}"
EndProject
Project("{FAE04EC0-301F-11D3-BF4B-00C04F79EFBC}") = "PocketailorDatabaseCreator", "PocketailorDatabaseCreator\PocketailorDatabaseCreator.csproj", "{345233B8-8CDD-4EF4-80EE-EA07B2A6A409}"
EndProject
Project("{FAE04EC0-301F-11D3-BF4B-00C04F79EFBC}") = "Testing", "Testing\Testing.csproj", "{73459F89-51AD-4D6D-802C-CEF696F4876A}"
EndProject
Global
	GlobalSection(SolutionConfigurationPlatforms) = preSolution
		Debug|Any CPU = Debug|Any CPU
		Release|Any CPU = Release|Any CPU
		Test Trial Debug|Any CPU = Test Trial Debug|Any CPU
	EndGlobalSection
	GlobalSection(ProjectConfigurationPlatforms) = postSolution
		{D32D65B9-9B76-4C72-93DE-35E409A7F54B}.Debug|Any CPU.ActiveCfg = Debug|Any CPU
		{D32D65B9-9B76-4C72-93DE-35E409A7F54B}.Debug|Any CPU.Build.0 = Debug|Any CPU
		{D32D65B9-9B76-4C72-93DE-35E409A7F54B}.Debug|Any CPU.Deploy.0 = Debug|Any CPU
		{D32D65B9-9B76-4C72-93DE-35E409A7F54B}.Release|Any CPU.ActiveCfg = Release|Any CPU
		{D32D65B9-9B76-4C72-93DE-35E409A7F54B}.Release|Any CPU.Build.0 = Release|Any CPU
		{D32D65B9-9B76-4C72-93DE-35E409A7F54B}.Release|Any CPU.Deploy.0 = Release|Any CPU
		{D32D65B9-9B76-4C72-93DE-35E409A7F54B}.Test Trial Debug|Any CPU.ActiveCfg = Paid Debug|Any CPU
		{D32D65B9-9B76-4C72-93DE-35E409A7F54B}.Test Trial Debug|Any CPU.Build.0 = Paid Debug|Any CPU
		{D32D65B9-9B76-4C72-93DE-35E409A7F54B}.Test Trial Debug|Any CPU.Deploy.0 = Paid Debug|Any CPU
		{345233B8-8CDD-4EF4-80EE-EA07B2A6A409}.Debug|Any CPU.ActiveCfg = Debug|Any CPU
		{345233B8-8CDD-4EF4-80EE-EA07B2A6A409}.Debug|Any CPU.Build.0 = Debug|Any CPU
		{345233B8-8CDD-4EF4-80EE-EA07B2A6A409}.Debug|Any CPU.Deploy.0 = Debug|Any CPU
		{345233B8-8CDD-4EF4-80EE-EA07B2A6A409}.Release|Any CPU.ActiveCfg = Release|Any CPU
		{345233B8-8CDD-4EF4-80EE-EA07B2A6A409}.Release|Any CPU.Build.0 = Release|Any CPU
		{345233B8-8CDD-4EF4-80EE-EA07B2A6A409}.Release|Any CPU.Deploy.0 = Release|Any CPU
		{345233B8-8CDD-4EF4-80EE-EA07B2A6A409}.Test Trial Debug|Any CPU.ActiveCfg = Paid Debug|Any CPU
		{345233B8-8CDD-4EF4-80EE-EA07B2A6A409}.Test Trial Debug|Any CPU.Build.0 = Paid Debug|Any CPU
		{345233B8-8CDD-4EF4-80EE-EA07B2A6A409}.Test Trial Debug|Any CPU.Deploy.0 = Paid Debug|Any CPU
		{73459F89-51AD-4D6D-802C-CEF696F4876A}.Debug|Any CPU.ActiveCfg = Debug|Any CPU
		{73459F89-51AD-4D6D-802C-CEF696F4876A}.Debug|Any CPU.Build.0 = Debug|Any CPU
		{73459F89-51AD-4D6D-802C-CEF696F4876A}.Debug|Any CPU.Deploy.0 = Debug|Any CPU
		{73459F89-51AD-4D6D-802C-CEF696F4876A}.Release|Any CPU.ActiveCfg = Release|Any CPU
		{73459F89-51AD-4D6D-802C-CEF696F4876A}.Release|Any CPU.Build.0 = Release|Any CPU
		{73459F89-51AD-4D6D-802C-CEF696F4876A}.Release|Any CPU.Deploy.0 = Release|Any CPU
		{73459F89-51AD-4D6D-802C-CEF696F4876A}.Test Trial Debug|Any CPU.ActiveCfg = Paid Debug|Any CPU
		{73459F89-51AD-4D6D-802C-CEF696F4876A}.Test Trial Debug|Any CPU.Build.0 = Paid Debug|Any CPU
		{73459F89-51AD-4D6D-802C-CEF696F4876A}.Test Trial Debug|Any CPU.Deploy.0 = Paid Debug|Any CPU
	EndGlobalSection
	GlobalSection(SolutionProperties) = preSolution
		HideSolutionNode = FALSE
	EndGlobalSection
EndGlobal
